
Microsoft Visual Studio Solution File, Format Version 12.00
# Visual Studio 15
VisualStudioVersion = 15.0.28010.2048
MinimumVisualStudioVersion = 10.0.40219.1
Project("{FAE04EC0-301F-11D3-BF4B-00C04F79EFBC}") = "One.AOPDemo", "One.AOPDemo\One.AOPDemo.csproj", "{0A4DD043-2E3B-4F64-A5A2-2BF56C06CD26}"
EndProject
Global
	GlobalSection(SolutionConfigurationPlatforms) = preSolution
		Debug|Any CPU = Debug|Any CPU
		Release|Any CPU = Release|Any CPU
	EndGlobalSection
	GlobalSection(ProjectConfigurationPlatforms) = postSolution
		{0A4DD043-2E3B-4F64-A5A2-2BF56C06CD26}.Debug|Any CPU.ActiveCfg = Debug|Any CPU
		{0A4DD043-2E3B-4F64-A5A2-2BF56C06CD26}.Debug|Any CPU.Build.0 = Debug|Any CPU
		{0A4DD043-2E3B-4F64-A5A2-2BF56C06CD26}.Release|Any CPU.ActiveCfg = Release|Any CPU
		{0A4DD043-2E3B-4F64-A5A2-2BF56C06CD26}.Release|Any CPU.Build.0 = Release|Any CPU
	EndGlobalSection
	GlobalSection(SolutionProperties) = preSolution
		HideSolutionNode = FALSE
	EndGlobalSection
	GlobalSection(ExtensibilityGlobals) = postSolution
		SolutionGuid = {11D19906-6D3D-4C30-9F13-7ACC76E76359}
	EndGlobalSection
EndGlobal
